// !$*UTF8*$!
{
	archiveVersion = 1;
	classes = {
	};
	objectVersion = 55;
	objects = {

/* Begin PBXBuildFile section */
		55010A9C27518DEC0049E9AE /* AppDelegate.swift in Sources */ = {isa = PBXBuildFile; fileRef = 55010A9B27518DEC0049E9AE /* AppDelegate.swift */; };
		55010AA427518DEC0049E9AE /* GameViewController.swift in Sources */ = {isa = PBXBuildFile; fileRef = 55010AA327518DEC0049E9AE /* GameViewController.swift */; };
		55010AA727518DEC0049E9AE /* Main.storyboard in Resources */ = {isa = PBXBuildFile; fileRef = 55010AA527518DEC0049E9AE /* Main.storyboard */; };
		55010AA927518DEE0049E9AE /* Assets.xcassets in Resources */ = {isa = PBXBuildFile; fileRef = 55010AA827518DEE0049E9AE /* Assets.xcassets */; };
		55010AAC27518DEE0049E9AE /* LaunchScreen.storyboard in Resources */ = {isa = PBXBuildFile; fileRef = 55010AAA27518DEE0049E9AE /* LaunchScreen.storyboard */; };
		55010AB627518DEE0049E9AE /* SmikeTests.swift in Sources */ = {isa = PBXBuildFile; fileRef = 55010AB527518DEE0049E9AE /* SmikeTests.swift */; };
		55010AC027518DEE0049E9AE /* SmikeUITests.swift in Sources */ = {isa = PBXBuildFile; fileRef = 55010ABF27518DEE0049E9AE /* SmikeUITests.swift */; };
		55010AC227518DEE0049E9AE /* SmikeUITestsLaunchTests.swift in Sources */ = {isa = PBXBuildFile; fileRef = 55010AC127518DEE0049E9AE /* SmikeUITestsLaunchTests.swift */; };
		550447D3278E30240089F8E1 /* Q1M1L1.sks in Resources */ = {isa = PBXBuildFile; fileRef = 550447D2278E30240089F8E1 /* Q1M1L1.sks */; };
		550447D5278E30350089F8E1 /* Q1M1L2.sks in Resources */ = {isa = PBXBuildFile; fileRef = 550447D4278E30350089F8E1 /* Q1M1L2.sks */; };
		5513637F2763D10F006BC9B1 /* SpriteNodeExtensions.swift in Sources */ = {isa = PBXBuildFile; fileRef = 5513637E2763D10F006BC9B1 /* SpriteNodeExtensions.swift */; };
		5513638127642327006BC9B1 /* Layers.swift in Sources */ = {isa = PBXBuildFile; fileRef = 5513638027642327006BC9B1 /* Layers.swift */; };
		551A259C2794998600B31388 /* Q1M1.sks in Resources */ = {isa = PBXBuildFile; fileRef = 551A259B2794998600B31388 /* Q1M1.sks */; };
		551A259E27949B2B00B31388 /* MissionScene.swift in Sources */ = {isa = PBXBuildFile; fileRef = 551A259D27949B2B00B31388 /* MissionScene.swift */; };
		55337A552756A32400407618 /* AttributionComponent.swift in Sources */ = {isa = PBXBuildFile; fileRef = 55337A542756A32400407618 /* AttributionComponent.swift */; };
		55337A572756A57300407618 /* LevelScene.swift in Sources */ = {isa = PBXBuildFile; fileRef = 55337A562756A57300407618 /* LevelScene.swift */; };
		55337A5A2756AE1D00407618 /* PortraitDash.sks in Resources */ = {isa = PBXBuildFile; fileRef = 55337A592756AE1D00407618 /* PortraitDash.sks */; };
		55337A5E27581EF800407618 /* LandscapeDash.sks in Resources */ = {isa = PBXBuildFile; fileRef = 55337A5D27581EF800407618 /* LandscapeDash.sks */; };
		5537A33D27694585001901C8 /* Slot.swift in Sources */ = {isa = PBXBuildFile; fileRef = 5537A33C27694585001901C8 /* Slot.swift */; };
		553A512B27BAE5900053C784 /* LevelComponent.swift in Sources */ = {isa = PBXBuildFile; fileRef = 553A512A27BAE5900053C784 /* LevelComponent.swift */; };
		553A512D27BD51C00053C784 /* DispenserComponent.swift in Sources */ = {isa = PBXBuildFile; fileRef = 553A512C27BD51C00053C784 /* DispenserComponent.swift */; };
		553A512F27BD86680053C784 /* CoinType.swift in Sources */ = {isa = PBXBuildFile; fileRef = 553A512E27BD86680053C784 /* CoinType.swift */; };
		553A513127BDD5680053C784 /* CoinComponent.swift in Sources */ = {isa = PBXBuildFile; fileRef = 553A513027BDD5680053C784 /* CoinComponent.swift */; };
		553A513327BEAD4C0053C784 /* RailComponent.swift in Sources */ = {isa = PBXBuildFile; fileRef = 553A513227BEAD4C0053C784 /* RailComponent.swift */; };
		553A513627BECE810053C784 /* Tappable.swift in Sources */ = {isa = PBXBuildFile; fileRef = 553A513527BECE810053C784 /* Tappable.swift */; };
		555CCC2E27ADD45F00ED5520 /* AnimationComponent.swift in Sources */ = {isa = PBXBuildFile; fileRef = 555CCC2D27ADD45F00ED5520 /* AnimationComponent.swift */; };
		5569EE4C278CBBA60030E798 /* Router.swift in Sources */ = {isa = PBXBuildFile; fileRef = 5569EE4B278CBBA60030E798 /* Router.swift */; };
		5593962F27668CA600EFA9F3 /* CoreExtensions.swift in Sources */ = {isa = PBXBuildFile; fileRef = 5593962E27668CA600EFA9F3 /* CoreExtensions.swift */; };
		55A44E1C27B4505300348F0A /* PathComponent.swift in Sources */ = {isa = PBXBuildFile; fileRef = 55A44E1B27B4505300348F0A /* PathComponent.swift */; };
		55A44E1E27B4511300348F0A /* TracerComponent.swift in Sources */ = {isa = PBXBuildFile; fileRef = 55A44E1D27B4511300348F0A /* TracerComponent.swift */; };
		55A44E2027B4673900348F0A /* SKActionExtensions.swift in Sources */ = {isa = PBXBuildFile; fileRef = 55A44E1F27B4673900348F0A /* SKActionExtensions.swift */; };
		55AA1FF1276A69ED0076881E /* GeneratorComponent.swift in Sources */ = {isa = PBXBuildFile; fileRef = 55AA1FF0276A69ED0076881E /* GeneratorComponent.swift */; };
		55AA1FF3276A78D90076881E /* DemonComponent.swift in Sources */ = {isa = PBXBuildFile; fileRef = 55AA1FF2276A78D90076881E /* DemonComponent.swift */; };
		55AB01D927627B19002FCC4A /* Track.swift in Sources */ = {isa = PBXBuildFile; fileRef = 55AB01D827627B19002FCC4A /* Track.swift */; };
		55AB01DB27627E1D002FCC4A /* TrackTests.swift in Sources */ = {isa = PBXBuildFile; fileRef = 55AB01DA27627E1D002FCC4A /* TrackTests.swift */; };
		55AB01DE2762864C002FCC4A /* Algorithms in Frameworks */ = {isa = PBXBuildFile; productRef = 55AB01DD2762864C002FCC4A /* Algorithms */; };
		55B746B1279F56E700F1EC26 /* hero_hit.mp3 in Resources */ = {isa = PBXBuildFile; fileRef = 55B746B0279F56E700F1EC26 /* hero_hit.mp3 */; };
		55BA7CC4277504300078D20F /* TrackDotComponent.swift in Sources */ = {isa = PBXBuildFile; fileRef = 55BA7CC3277504300078D20F /* TrackDotComponent.swift */; };
		55BA7CC627754B4D0078D20F /* DemonType.swift in Sources */ = {isa = PBXBuildFile; fileRef = 55BA7CC527754B4D0078D20F /* DemonType.swift */; };
		55BB1F8F27ECDC99001C9B97 /* Tutorial.sks in Resources */ = {isa = PBXBuildFile; fileRef = 55BB1F8E27ECDC99001C9B97 /* Tutorial.sks */; };
		55BB1F9127ECDFA4001C9B97 /* TutorialScene.swift in Sources */ = {isa = PBXBuildFile; fileRef = 55BB1F9027ECDFA4001C9B97 /* TutorialScene.swift */; };
		55BB1F9327ECE1D5001C9B97 /* TutorialDash.sks in Resources */ = {isa = PBXBuildFile; fileRef = 55BB1F9227ECE1D5001C9B97 /* TutorialDash.sks */; };
		55C0677827CEA52A00B985D2 /* RailType.swift in Sources */ = {isa = PBXBuildFile; fileRef = 55C0677727CEA52A00B985D2 /* RailType.swift */; };
		55C816E62761141200A810EE /* GKEntityExtensions.swift in Sources */ = {isa = PBXBuildFile; fileRef = 55C816E52761141200A810EE /* GKEntityExtensions.swift */; };
		55C816E82761161400A810EE /* NodeComponent.swift in Sources */ = {isa = PBXBuildFile; fileRef = 55C816E72761161400A810EE /* NodeComponent.swift */; };
		55D5580827A0A52800695069 /* male_hero_hurt.mp3 in Resources */ = {isa = PBXBuildFile; fileRef = 55D5580727A0A52800695069 /* male_hero_hurt.mp3 */; };
		55D6462F279B82E800509FD1 /* hero_focus.mp3 in Resources */ = {isa = PBXBuildFile; fileRef = 55D6462E279B82E800509FD1 /* hero_focus.mp3 */; };
		55DAB53A2771562500105FC4 /* PhysicsInfo.swift in Sources */ = {isa = PBXBuildFile; fileRef = 55DAB5392771562500105FC4 /* PhysicsInfo.swift */; };
		55DAB53C277159C600105FC4 /* PhysicsContacts.swift in Sources */ = {isa = PBXBuildFile; fileRef = 55DAB53B277159C600105FC4 /* PhysicsContacts.swift */; };
		55DFB29E2773E20F00F3747B /* MortalComponent.swift in Sources */ = {isa = PBXBuildFile; fileRef = 55DFB29D2773E20F00F3747B /* MortalComponent.swift */; };
		55EE3DAB278F4F3E00009573 /* aAsianNinja.ttf in Resources */ = {isa = PBXBuildFile; fileRef = 55EE3DAA278F4F3E00009573 /* aAsianNinja.ttf */; };
		55EE3DAE278F518600009573 /* GameScene.swift in Sources */ = {isa = PBXBuildFile; fileRef = 55EE3DAD278F518600009573 /* GameScene.swift */; };
		55EE3DB02790F08200009573 /* SKSceneExtensions.swift in Sources */ = {isa = PBXBuildFile; fileRef = 55EE3DAF2790F08200009573 /* SKSceneExtensions.swift */; };
/* End PBXBuildFile section */

/* Begin PBXContainerItemProxy section */
		55010AB227518DEE0049E9AE /* PBXContainerItemProxy */ = {
			isa = PBXContainerItemProxy;
			containerPortal = 55010A9027518DEC0049E9AE /* Project object */;
			proxyType = 1;
			remoteGlobalIDString = 55010A9727518DEC0049E9AE;
			remoteInfo = Smike;
		};
		55010ABC27518DEE0049E9AE /* PBXContainerItemProxy */ = {
			isa = PBXContainerItemProxy;
			containerPortal = 55010A9027518DEC0049E9AE /* Project object */;
			proxyType = 1;
			remoteGlobalIDString = 55010A9727518DEC0049E9AE;
			remoteInfo = Smike;
		};
/* End PBXContainerItemProxy section */

/* Begin PBXFileReference section */
		55010A9827518DEC0049E9AE /* Smike.app */ = {isa = PBXFileReference; explicitFileType = wrapper.application; includeInIndex = 0; path = Smike.app; sourceTree = BUILT_PRODUCTS_DIR; };
		55010A9B27518DEC0049E9AE /* AppDelegate.swift */ = {isa = PBXFileReference; lastKnownFileType = sourcecode.swift; path = AppDelegate.swift; sourceTree = "<group>"; };
		55010AA327518DEC0049E9AE /* GameViewController.swift */ = {isa = PBXFileReference; lastKnownFileType = sourcecode.swift; path = GameViewController.swift; sourceTree = "<group>"; };
		55010AA627518DEC0049E9AE /* Base */ = {isa = PBXFileReference; lastKnownFileType = file.storyboard; name = Base; path = Base.lproj/Main.storyboard; sourceTree = "<group>"; };
		55010AA827518DEE0049E9AE /* Assets.xcassets */ = {isa = PBXFileReference; lastKnownFileType = folder.assetcatalog; path = Assets.xcassets; sourceTree = "<group>"; };
		55010AAB27518DEE0049E9AE /* Base */ = {isa = PBXFileReference; lastKnownFileType = file.storyboard; name = Base; path = Base.lproj/LaunchScreen.storyboard; sourceTree = "<group>"; };
		55010AB127518DEE0049E9AE /* SmikeTests.xctest */ = {isa = PBXFileReference; explicitFileType = wrapper.cfbundle; includeInIndex = 0; path = SmikeTests.xctest; sourceTree = BUILT_PRODUCTS_DIR; };
		55010AB527518DEE0049E9AE /* SmikeTests.swift */ = {isa = PBXFileReference; lastKnownFileType = sourcecode.swift; path = SmikeTests.swift; sourceTree = "<group>"; };
		55010ABB27518DEE0049E9AE /* SmikeUITests.xctest */ = {isa = PBXFileReference; explicitFileType = wrapper.cfbundle; includeInIndex = 0; path = SmikeUITests.xctest; sourceTree = BUILT_PRODUCTS_DIR; };
		55010ABF27518DEE0049E9AE /* SmikeUITests.swift */ = {isa = PBXFileReference; lastKnownFileType = sourcecode.swift; path = SmikeUITests.swift; sourceTree = "<group>"; };
		55010AC127518DEE0049E9AE /* SmikeUITestsLaunchTests.swift */ = {isa = PBXFileReference; lastKnownFileType = sourcecode.swift; path = SmikeUITestsLaunchTests.swift; sourceTree = "<group>"; };
		55010ACE27518FA20049E9AE /* Project.md */ = {isa = PBXFileReference; lastKnownFileType = net.daringfireball.markdown; path = Project.md; sourceTree = "<group>"; };
		550447D2278E30240089F8E1 /* Q1M1L1.sks */ = {isa = PBXFileReference; lastKnownFileType = file.sks; path = Q1M1L1.sks; sourceTree = "<group>"; };
		550447D4278E30350089F8E1 /* Q1M1L2.sks */ = {isa = PBXFileReference; lastKnownFileType = file.sks; path = Q1M1L2.sks; sourceTree = "<group>"; };
		5513637E2763D10F006BC9B1 /* SpriteNodeExtensions.swift */ = {isa = PBXFileReference; lastKnownFileType = sourcecode.swift; path = SpriteNodeExtensions.swift; sourceTree = "<group>"; };
		5513638027642327006BC9B1 /* Layers.swift */ = {isa = PBXFileReference; lastKnownFileType = sourcecode.swift; path = Layers.swift; sourceTree = "<group>"; };
		551A259B2794998600B31388 /* Q1M1.sks */ = {isa = PBXFileReference; lastKnownFileType = file.sks; path = Q1M1.sks; sourceTree = "<group>"; };
		551A259D27949B2B00B31388 /* MissionScene.swift */ = {isa = PBXFileReference; lastKnownFileType = sourcecode.swift; path = MissionScene.swift; sourceTree = "<group>"; };
		55337A542756A32400407618 /* AttributionComponent.swift */ = {isa = PBXFileReference; lastKnownFileType = sourcecode.swift; path = AttributionComponent.swift; sourceTree = "<group>"; };
		55337A562756A57300407618 /* LevelScene.swift */ = {isa = PBXFileReference; lastKnownFileType = sourcecode.swift; path = LevelScene.swift; sourceTree = "<group>"; };
		55337A592756AE1D00407618 /* PortraitDash.sks */ = {isa = PBXFileReference; lastKnownFileType = file.sks; path = PortraitDash.sks; sourceTree = "<group>"; };
		55337A5D27581EF800407618 /* LandscapeDash.sks */ = {isa = PBXFileReference; lastKnownFileType = file.sks; path = LandscapeDash.sks; sourceTree = "<group>"; };
		5537A33C27694585001901C8 /* Slot.swift */ = {isa = PBXFileReference; lastKnownFileType = sourcecode.swift; path = Slot.swift; sourceTree = "<group>"; };
		553A512A27BAE5900053C784 /* LevelComponent.swift */ = {isa = PBXFileReference; lastKnownFileType = sourcecode.swift; path = LevelComponent.swift; sourceTree = "<group>"; };
		553A512C27BD51C00053C784 /* DispenserComponent.swift */ = {isa = PBXFileReference; lastKnownFileType = sourcecode.swift; path = DispenserComponent.swift; sourceTree = SOURCE_ROOT; };
		553A512E27BD86680053C784 /* CoinType.swift */ = {isa = PBXFileReference; lastKnownFileType = sourcecode.swift; path = CoinType.swift; sourceTree = "<group>"; };
		553A513027BDD5680053C784 /* CoinComponent.swift */ = {isa = PBXFileReference; lastKnownFileType = sourcecode.swift; path = CoinComponent.swift; sourceTree = "<group>"; };
		553A513227BEAD4C0053C784 /* RailComponent.swift */ = {isa = PBXFileReference; lastKnownFileType = sourcecode.swift; path = RailComponent.swift; sourceTree = "<group>"; };
		553A513527BECE810053C784 /* Tappable.swift */ = {isa = PBXFileReference; lastKnownFileType = sourcecode.swift; path = Tappable.swift; sourceTree = "<group>"; };
		555CCC2D27ADD45F00ED5520 /* AnimationComponent.swift */ = {isa = PBXFileReference; lastKnownFileType = sourcecode.swift; path = AnimationComponent.swift; sourceTree = SOURCE_ROOT; };
		5569EE4B278CBBA60030E798 /* Router.swift */ = {isa = PBXFileReference; lastKnownFileType = sourcecode.swift; path = Router.swift; sourceTree = "<group>"; };
		5593962E27668CA600EFA9F3 /* CoreExtensions.swift */ = {isa = PBXFileReference; lastKnownFileType = sourcecode.swift; path = CoreExtensions.swift; sourceTree = "<group>"; };
		55A44E1B27B4505300348F0A /* PathComponent.swift */ = {isa = PBXFileReference; lastKnownFileType = sourcecode.swift; path = PathComponent.swift; sourceTree = "<group>"; };
		55A44E1D27B4511300348F0A /* TracerComponent.swift */ = {isa = PBXFileReference; lastKnownFileType = sourcecode.swift; path = TracerComponent.swift; sourceTree = "<group>"; };
		55A44E1F27B4673900348F0A /* SKActionExtensions.swift */ = {isa = PBXFileReference; lastKnownFileType = sourcecode.swift; path = SKActionExtensions.swift; sourceTree = SOURCE_ROOT; };
		55AA1FF0276A69ED0076881E /* GeneratorComponent.swift */ = {isa = PBXFileReference; lastKnownFileType = sourcecode.swift; path = GeneratorComponent.swift; sourceTree = "<group>"; };
		55AA1FF2276A78D90076881E /* DemonComponent.swift */ = {isa = PBXFileReference; lastKnownFileType = sourcecode.swift; path = DemonComponent.swift; sourceTree = "<group>"; };
		55AB01D827627B19002FCC4A /* Track.swift */ = {isa = PBXFileReference; lastKnownFileType = sourcecode.swift; path = Track.swift; sourceTree = "<group>"; };
		55AB01DA27627E1D002FCC4A /* TrackTests.swift */ = {isa = PBXFileReference; lastKnownFileType = sourcecode.swift; path = TrackTests.swift; sourceTree = "<group>"; };
		55B746B0279F56E700F1EC26 /* hero_hit.mp3 */ = {isa = PBXFileReference; lastKnownFileType = audio.mp3; path = hero_hit.mp3; sourceTree = "<group>"; };
		55BA7CC3277504300078D20F /* TrackDotComponent.swift */ = {isa = PBXFileReference; lastKnownFileType = sourcecode.swift; path = TrackDotComponent.swift; sourceTree = "<group>"; };
		55BA7CC527754B4D0078D20F /* DemonType.swift */ = {isa = PBXFileReference; lastKnownFileType = sourcecode.swift; path = DemonType.swift; sourceTree = "<group>"; };
		55BB1F8E27ECDC99001C9B97 /* Tutorial.sks */ = {isa = PBXFileReference; lastKnownFileType = file.sks; path = Tutorial.sks; sourceTree = "<group>"; };
		55BB1F9027ECDFA4001C9B97 /* TutorialScene.swift */ = {isa = PBXFileReference; lastKnownFileType = sourcecode.swift; path = TutorialScene.swift; sourceTree = "<group>"; };
		55BB1F9227ECE1D5001C9B97 /* TutorialDash.sks */ = {isa = PBXFileReference; lastKnownFileType = file.sks; path = TutorialDash.sks; sourceTree = "<group>"; };
		55C0677727CEA52A00B985D2 /* RailType.swift */ = {isa = PBXFileReference; lastKnownFileType = sourcecode.swift; path = RailType.swift; sourceTree = "<group>"; };
		55C816E52761141200A810EE /* GKEntityExtensions.swift */ = {isa = PBXFileReference; lastKnownFileType = sourcecode.swift; path = GKEntityExtensions.swift; sourceTree = "<group>"; };
		55C816E72761161400A810EE /* NodeComponent.swift */ = {isa = PBXFileReference; lastKnownFileType = sourcecode.swift; path = NodeComponent.swift; sourceTree = "<group>"; };
		55D5580727A0A52800695069 /* male_hero_hurt.mp3 */ = {isa = PBXFileReference; lastKnownFileType = audio.mp3; path = male_hero_hurt.mp3; sourceTree = "<group>"; };
		55D6462E279B82E800509FD1 /* hero_focus.mp3 */ = {isa = PBXFileReference; lastKnownFileType = audio.mp3; path = hero_focus.mp3; sourceTree = "<group>"; };
		55DAB5392771562500105FC4 /* PhysicsInfo.swift */ = {isa = PBXFileReference; lastKnownFileType = sourcecode.swift; path = PhysicsInfo.swift; sourceTree = "<group>"; };
		55DAB53B277159C600105FC4 /* PhysicsContacts.swift */ = {isa = PBXFileReference; lastKnownFileType = sourcecode.swift; path = PhysicsContacts.swift; sourceTree = "<group>"; };
		55DFB29D2773E20F00F3747B /* MortalComponent.swift */ = {isa = PBXFileReference; lastKnownFileType = sourcecode.swift; path = MortalComponent.swift; sourceTree = "<group>"; };
		55EE3DAA278F4F3E00009573 /* aAsianNinja.ttf */ = {isa = PBXFileReference; lastKnownFileType = file; path = aAsianNinja.ttf; sourceTree = "<group>"; };
		55EE3DAC278F4FBB00009573 /* Info.plist */ = {isa = PBXFileReference; lastKnownFileType = text.plist; path = Info.plist; sourceTree = "<group>"; };
		55EE3DAD278F518600009573 /* GameScene.swift */ = {isa = PBXFileReference; lastKnownFileType = sourcecode.swift; path = GameScene.swift; sourceTree = "<group>"; };
		55EE3DAF2790F08200009573 /* SKSceneExtensions.swift */ = {isa = PBXFileReference; lastKnownFileType = sourcecode.swift; path = SKSceneExtensions.swift; sourceTree = "<group>"; };
/* End PBXFileReference section */

/* Begin PBXFrameworksBuildPhase section */
		55010A9527518DEC0049E9AE /* Frameworks */ = {
			isa = PBXFrameworksBuildPhase;
			buildActionMask = 2147483647;
			files = (
				55AB01DE2762864C002FCC4A /* Algorithms in Frameworks */,
			);
			runOnlyForDeploymentPostprocessing = 0;
		};
		55010AAE27518DEE0049E9AE /* Frameworks */ = {
			isa = PBXFrameworksBuildPhase;
			buildActionMask = 2147483647;
			files = (
			);
			runOnlyForDeploymentPostprocessing = 0;
		};
		55010AB827518DEE0049E9AE /* Frameworks */ = {
			isa = PBXFrameworksBuildPhase;
			buildActionMask = 2147483647;
			files = (
			);
			runOnlyForDeploymentPostprocessing = 0;
		};
/* End PBXFrameworksBuildPhase section */

/* Begin PBXGroup section */
		55010A8F27518DEC0049E9AE = {
			isa = PBXGroup;
			children = (
				55010ACE27518FA20049E9AE /* Project.md */,
				55010A9A27518DEC0049E9AE /* Smike */,
				55010AB427518DEE0049E9AE /* SmikeTests */,
				55010ABE27518DEE0049E9AE /* SmikeUITests */,
				55010A9927518DEC0049E9AE /* Products */,
			);
			sourceTree = "<group>";
		};
		55010A9927518DEC0049E9AE /* Products */ = {
			isa = PBXGroup;
			children = (
				55010A9827518DEC0049E9AE /* Smike.app */,
				55010AB127518DEE0049E9AE /* SmikeTests.xctest */,
				55010ABB27518DEE0049E9AE /* SmikeUITests.xctest */,
			);
			name = Products;
			sourceTree = "<group>";
		};
		55010A9A27518DEC0049E9AE /* Smike */ = {
			isa = PBXGroup;
			children = (
				55D6462D279B82C300509FD1 /* Sounds */,
				55EE3DAC278F4FBB00009573 /* Info.plist */,
				55010AAA27518DEE0049E9AE /* LaunchScreen.storyboard */,
				55010AA527518DEC0049E9AE /* Main.storyboard */,
				55010AA827518DEE0049E9AE /* Assets.xcassets */,
				55EE3DA5278F4ADC00009573 /* Fonts */,
				55010A9B27518DEC0049E9AE /* AppDelegate.swift */,
				55010AA327518DEC0049E9AE /* GameViewController.swift */,
				5569EE4B278CBBA60030E798 /* Router.swift */,
				55EE3DAD278F518600009573 /* GameScene.swift */,
				55BB1F9027ECDFA4001C9B97 /* TutorialScene.swift */,
				55337A562756A57300407618 /* LevelScene.swift */,
				551A259D27949B2B00B31388 /* MissionScene.swift */,
				55DAB5392771562500105FC4 /* PhysicsInfo.swift */,
				55BA7CC527754B4D0078D20F /* DemonType.swift */,
				553A512E27BD86680053C784 /* CoinType.swift */,
				55C0677727CEA52A00B985D2 /* RailType.swift */,
				55DAB53B277159C600105FC4 /* PhysicsContacts.swift */,
				55AB01D827627B19002FCC4A /* Track.swift */,
				5537A33C27694585001901C8 /* Slot.swift */,
				5513638027642327006BC9B1 /* Layers.swift */,
				55337A532756A1B500407618 /* Components */,
				555CCC2A27ADCFE000ED5520 /* Extensions */,
				553A513427BECE4D0053C784 /* Protocols */,
				551A25982794990600B31388 /* Missions */,
				55337A4E2755AF4B00407618 /* Levels */,
				55337A582756AD4E00407618 /* Reference Nodes */,
			);
			path = Smike;
			sourceTree = "<group>";
		};
		55010AB427518DEE0049E9AE /* SmikeTests */ = {
			isa = PBXGroup;
			children = (
				55010AB527518DEE0049E9AE /* SmikeTests.swift */,
				55AB01DA27627E1D002FCC4A /* TrackTests.swift */,
			);
			path = SmikeTests;
			sourceTree = "<group>";
		};
		55010ABE27518DEE0049E9AE /* SmikeUITests */ = {
			isa = PBXGroup;
			children = (
				55010ABF27518DEE0049E9AE /* SmikeUITests.swift */,
				55010AC127518DEE0049E9AE /* SmikeUITestsLaunchTests.swift */,
			);
			path = SmikeUITests;
			sourceTree = "<group>";
		};
		551A25982794990600B31388 /* Missions */ = {
			isa = PBXGroup;
			children = (
				551A259B2794998600B31388 /* Q1M1.sks */,
			);
			path = Missions;
			sourceTree = "<group>";
		};
		55337A4E2755AF4B00407618 /* Levels */ = {
			isa = PBXGroup;
			children = (
				55BB1F8E27ECDC99001C9B97 /* Tutorial.sks */,
				550447D2278E30240089F8E1 /* Q1M1L1.sks */,
				550447D4278E30350089F8E1 /* Q1M1L2.sks */,
			);
			path = Levels;
			sourceTree = "<group>";
		};
		55337A532756A1B500407618 /* Components */ = {
			isa = PBXGroup;
			children = (
				55C816E72761161400A810EE /* NodeComponent.swift */,
				553A512A27BAE5900053C784 /* LevelComponent.swift */,
				555CCC2D27ADD45F00ED5520 /* AnimationComponent.swift */,
				55BA7CC3277504300078D20F /* TrackDotComponent.swift */,
				55A44E1B27B4505300348F0A /* PathComponent.swift */,
				55A44E1D27B4511300348F0A /* TracerComponent.swift */,
				55337A542756A32400407618 /* AttributionComponent.swift */,
				55AA1FF0276A69ED0076881E /* GeneratorComponent.swift */,
				55AA1FF2276A78D90076881E /* DemonComponent.swift */,
				55DFB29D2773E20F00F3747B /* MortalComponent.swift */,
				553A512C27BD51C00053C784 /* DispenserComponent.swift */,
				553A513027BDD5680053C784 /* CoinComponent.swift */,
				553A513227BEAD4C0053C784 /* RailComponent.swift */,
			);
			path = Components;
			sourceTree = "<group>";
		};
		55337A582756AD4E00407618 /* Reference Nodes */ = {
			isa = PBXGroup;
			children = (
				55337A592756AE1D00407618 /* PortraitDash.sks */,
				55337A5D27581EF800407618 /* LandscapeDash.sks */,
				55BB1F9227ECE1D5001C9B97 /* TutorialDash.sks */,
			);
			path = "Reference Nodes";
			sourceTree = "<group>";
		};
		553A513427BECE4D0053C784 /* Protocols */ = {
			isa = PBXGroup;
			children = (
				553A513527BECE810053C784 /* Tappable.swift */,
			);
			path = Protocols;
			sourceTree = "<group>";
		};
		555CCC2A27ADCFE000ED5520 /* Extensions */ = {
			isa = PBXGroup;
			children = (
				55A44E1F27B4673900348F0A /* SKActionExtensions.swift */,
				55EE3DAF2790F08200009573 /* SKSceneExtensions.swift */,
				55C816E52761141200A810EE /* GKEntityExtensions.swift */,
				5513637E2763D10F006BC9B1 /* SpriteNodeExtensions.swift */,
				5593962E27668CA600EFA9F3 /* CoreExtensions.swift */,
			);
			path = Extensions;
			sourceTree = "<group>";
		};
		55D6462D279B82C300509FD1 /* Sounds */ = {
			isa = PBXGroup;
			children = (
				55B746B0279F56E700F1EC26 /* hero_hit.mp3 */,
				55D6462E279B82E800509FD1 /* hero_focus.mp3 */,
				55D5580727A0A52800695069 /* male_hero_hurt.mp3 */,
			);
			path = Sounds;
			sourceTree = "<group>";
		};
		55EE3DA5278F4ADC00009573 /* Fonts */ = {
			isa = PBXGroup;
			children = (
				55EE3DAA278F4F3E00009573 /* aAsianNinja.ttf */,
			);
			path = Fonts;
			sourceTree = "<group>";
		};
/* End PBXGroup section */

/* Begin PBXNativeTarget section */
		55010A9727518DEC0049E9AE /* Smike */ = {
			isa = PBXNativeTarget;
			buildConfigurationList = 55010AC527518DEE0049E9AE /* Build configuration list for PBXNativeTarget "Smike" */;
			buildPhases = (
				55010A9427518DEC0049E9AE /* Sources */,
				55010A9527518DEC0049E9AE /* Frameworks */,
				55010A9627518DEC0049E9AE /* Resources */,
			);
			buildRules = (
			);
			dependencies = (
			);
			name = Smike;
			packageProductDependencies = (
				55AB01DD2762864C002FCC4A /* Algorithms */,
			);
			productName = Smike;
			productReference = 55010A9827518DEC0049E9AE /* Smike.app */;
			productType = "com.apple.product-type.application";
		};
		55010AB027518DEE0049E9AE /* SmikeTests */ = {
			isa = PBXNativeTarget;
			buildConfigurationList = 55010AC827518DEE0049E9AE /* Build configuration list for PBXNativeTarget "SmikeTests" */;
			buildPhases = (
				55010AAD27518DEE0049E9AE /* Sources */,
				55010AAE27518DEE0049E9AE /* Frameworks */,
				55010AAF27518DEE0049E9AE /* Resources */,
			);
			buildRules = (
			);
			dependencies = (
				55010AB327518DEE0049E9AE /* PBXTargetDependency */,
			);
			name = SmikeTests;
			productName = SmikeTests;
			productReference = 55010AB127518DEE0049E9AE /* SmikeTests.xctest */;
			productType = "com.apple.product-type.bundle.unit-test";
		};
		55010ABA27518DEE0049E9AE /* SmikeUITests */ = {
			isa = PBXNativeTarget;
			buildConfigurationList = 55010ACB27518DEE0049E9AE /* Build configuration list for PBXNativeTarget "SmikeUITests" */;
			buildPhases = (
				55010AB727518DEE0049E9AE /* Sources */,
				55010AB827518DEE0049E9AE /* Frameworks */,
				55010AB927518DEE0049E9AE /* Resources */,
			);
			buildRules = (
			);
			dependencies = (
				55010ABD27518DEE0049E9AE /* PBXTargetDependency */,
			);
			name = SmikeUITests;
			productName = SmikeUITests;
			productReference = 55010ABB27518DEE0049E9AE /* SmikeUITests.xctest */;
			productType = "com.apple.product-type.bundle.ui-testing";
		};
/* End PBXNativeTarget section */

/* Begin PBXProject section */
		55010A9027518DEC0049E9AE /* Project object */ = {
			isa = PBXProject;
			attributes = {
				BuildIndependentTargetsInParallel = 1;
				LastSwiftUpdateCheck = 1310;
				LastUpgradeCheck = 1310;
				TargetAttributes = {
					55010A9727518DEC0049E9AE = {
						CreatedOnToolsVersion = 13.1;
					};
					55010AB027518DEE0049E9AE = {
						CreatedOnToolsVersion = 13.1;
						TestTargetID = 55010A9727518DEC0049E9AE;
					};
					55010ABA27518DEE0049E9AE = {
						CreatedOnToolsVersion = 13.1;
						TestTargetID = 55010A9727518DEC0049E9AE;
					};
				};
			};
			buildConfigurationList = 55010A9327518DEC0049E9AE /* Build configuration list for PBXProject "Smike" */;
			compatibilityVersion = "Xcode 13.0";
			developmentRegion = en;
			hasScannedForEncodings = 0;
			knownRegions = (
				en,
				Base,
			);
			mainGroup = 55010A8F27518DEC0049E9AE;
			packageReferences = (
				55AB01DC2762864C002FCC4A /* XCRemoteSwiftPackageReference "swift-algorithms" */,
			);
			productRefGroup = 55010A9927518DEC0049E9AE /* Products */;
			projectDirPath = "";
			projectRoot = "";
			targets = (
				55010A9727518DEC0049E9AE /* Smike */,
				55010AB027518DEE0049E9AE /* SmikeTests */,
				55010ABA27518DEE0049E9AE /* SmikeUITests */,
			);
		};
/* End PBXProject section */

/* Begin PBXResourcesBuildPhase section */
		55010A9627518DEC0049E9AE /* Resources */ = {
			isa = PBXResourcesBuildPhase;
			buildActionMask = 2147483647;
			files = (
				551A259C2794998600B31388 /* Q1M1.sks in Resources */,
				55EE3DAB278F4F3E00009573 /* aAsianNinja.ttf in Resources */,
				55010AA727518DEC0049E9AE /* Main.storyboard in Resources */,
				55010AA927518DEE0049E9AE /* Assets.xcassets in Resources */,
				55D6462F279B82E800509FD1 /* hero_focus.mp3 in Resources */,
				55337A5E27581EF800407618 /* LandscapeDash.sks in Resources */,
				55010AAC27518DEE0049E9AE /* LaunchScreen.storyboard in Resources */,
				55BB1F9327ECE1D5001C9B97 /* TutorialDash.sks in Resources */,
				550447D3278E30240089F8E1 /* Q1M1L1.sks in Resources */,
				550447D5278E30350089F8E1 /* Q1M1L2.sks in Resources */,
				55BB1F8F27ECDC99001C9B97 /* Tutorial.sks in Resources */,
				55B746B1279F56E700F1EC26 /* hero_hit.mp3 in Resources */,
				55D5580827A0A52800695069 /* male_hero_hurt.mp3 in Resources */,
				55337A5A2756AE1D00407618 /* PortraitDash.sks in Resources */,
			);
			runOnlyForDeploymentPostprocessing = 0;
		};
		55010AAF27518DEE0049E9AE /* Resources */ = {
			isa = PBXResourcesBuildPhase;
			buildActionMask = 2147483647;
			files = (
			);
			runOnlyForDeploymentPostprocessing = 0;
		};
		55010AB927518DEE0049E9AE /* Resources */ = {
			isa = PBXResourcesBuildPhase;
			buildActionMask = 2147483647;
			files = (
			);
			runOnlyForDeploymentPostprocessing = 0;
		};
/* End PBXResourcesBuildPhase section */

/* Begin PBXSourcesBuildPhase section */
		55010A9427518DEC0049E9AE /* Sources */ = {
			isa = PBXSourcesBuildPhase;
			buildActionMask = 2147483647;
			files = (
				553A512B27BAE5900053C784 /* LevelComponent.swift in Sources */,
				55A44E1C27B4505300348F0A /* PathComponent.swift in Sources */,
				55DFB29E2773E20F00F3747B /* MortalComponent.swift in Sources */,
				55BA7CC627754B4D0078D20F /* DemonType.swift in Sources */,
				55BB1F9127ECDFA4001C9B97 /* TutorialScene.swift in Sources */,
				55C0677827CEA52A00B985D2 /* RailType.swift in Sources */,
				553A513127BDD5680053C784 /* CoinComponent.swift in Sources */,
				55EE3DAE278F518600009573 /* GameScene.swift in Sources */,
				55BA7CC4277504300078D20F /* TrackDotComponent.swift in Sources */,
				551A259E27949B2B00B31388 /* MissionScene.swift in Sources */,
				55337A552756A32400407618 /* AttributionComponent.swift in Sources */,
				555CCC2E27ADD45F00ED5520 /* AnimationComponent.swift in Sources */,
				553A512F27BD86680053C784 /* CoinType.swift in Sources */,
				55EE3DB02790F08200009573 /* SKSceneExtensions.swift in Sources */,
				55010AA427518DEC0049E9AE /* GameViewController.swift in Sources */,
				553A513327BEAD4C0053C784 /* RailComponent.swift in Sources */,
				55DAB53C277159C600105FC4 /* PhysicsContacts.swift in Sources */,
				55C816E62761141200A810EE /* GKEntityExtensions.swift in Sources */,
				55AA1FF1276A69ED0076881E /* GeneratorComponent.swift in Sources */,
				55AA1FF3276A78D90076881E /* DemonComponent.swift in Sources */,
				553A513627BECE810053C784 /* Tappable.swift in Sources */,
				5569EE4C278CBBA60030E798 /* Router.swift in Sources */,
				5593962F27668CA600EFA9F3 /* CoreExtensions.swift in Sources */,
				55C816E82761161400A810EE /* NodeComponent.swift in Sources */,
				55DAB53A2771562500105FC4 /* PhysicsInfo.swift in Sources */,
				553A512D27BD51C00053C784 /* DispenserComponent.swift in Sources */,
				55A44E2027B4673900348F0A /* SKActionExtensions.swift in Sources */,
				5513637F2763D10F006BC9B1 /* SpriteNodeExtensions.swift in Sources */,
				55AB01D927627B19002FCC4A /* Track.swift in Sources */,
				5513638127642327006BC9B1 /* Layers.swift in Sources */,
				55010A9C27518DEC0049E9AE /* AppDelegate.swift in Sources */,
				55337A572756A57300407618 /* LevelScene.swift in Sources */,
				55A44E1E27B4511300348F0A /* TracerComponent.swift in Sources */,
				5537A33D27694585001901C8 /* Slot.swift in Sources */,
			);
			runOnlyForDeploymentPostprocessing = 0;
		};
		55010AAD27518DEE0049E9AE /* Sources */ = {
			isa = PBXSourcesBuildPhase;
			buildActionMask = 2147483647;
			files = (
				55010AB627518DEE0049E9AE /* SmikeTests.swift in Sources */,
				55AB01DB27627E1D002FCC4A /* TrackTests.swift in Sources */,
			);
			runOnlyForDeploymentPostprocessing = 0;
		};
		55010AB727518DEE0049E9AE /* Sources */ = {
			isa = PBXSourcesBuildPhase;
			buildActionMask = 2147483647;
			files = (
				55010AC227518DEE0049E9AE /* SmikeUITestsLaunchTests.swift in Sources */,
				55010AC027518DEE0049E9AE /* SmikeUITests.swift in Sources */,
			);
			runOnlyForDeploymentPostprocessing = 0;
		};
/* End PBXSourcesBuildPhase section */

/* Begin PBXTargetDependency section */
		55010AB327518DEE0049E9AE /* PBXTargetDependency */ = {
			isa = PBXTargetDependency;
			target = 55010A9727518DEC0049E9AE /* Smike */;
			targetProxy = 55010AB227518DEE0049E9AE /* PBXContainerItemProxy */;
		};
		55010ABD27518DEE0049E9AE /* PBXTargetDependency */ = {
			isa = PBXTargetDependency;
			target = 55010A9727518DEC0049E9AE /* Smike */;
			targetProxy = 55010ABC27518DEE0049E9AE /* PBXContainerItemProxy */;
		};
/* End PBXTargetDependency section */

/* Begin PBXVariantGroup section */
		55010AA527518DEC0049E9AE /* Main.storyboard */ = {
			isa = PBXVariantGroup;
			children = (
				55010AA627518DEC0049E9AE /* Base */,
			);
			name = Main.storyboard;
			sourceTree = "<group>";
		};
		55010AAA27518DEE0049E9AE /* LaunchScreen.storyboard */ = {
			isa = PBXVariantGroup;
			children = (
				55010AAB27518DEE0049E9AE /* Base */,
			);
			name = LaunchScreen.storyboard;
			sourceTree = "<group>";
		};
/* End PBXVariantGroup section */

/* Begin XCBuildConfiguration section */
		55010AC327518DEE0049E9AE /* Debug */ = {
			isa = XCBuildConfiguration;
			buildSettings = {
				ALWAYS_SEARCH_USER_PATHS = NO;
				CLANG_ANALYZER_NONNULL = YES;
				CLANG_ANALYZER_NUMBER_OBJECT_CONVERSION = YES_AGGRESSIVE;
				CLANG_CXX_LANGUAGE_STANDARD = "gnu++17";
				CLANG_CXX_LIBRARY = "libc++";
				CLANG_ENABLE_MODULES = YES;
				CLANG_ENABLE_OBJC_ARC = YES;
				CLANG_ENABLE_OBJC_WEAK = YES;
				CLANG_WARN_BLOCK_CAPTURE_AUTORELEASING = YES;
				CLANG_WARN_BOOL_CONVERSION = YES;
				CLANG_WARN_COMMA = YES;
				CLANG_WARN_CONSTANT_CONVERSION = YES;
				CLANG_WARN_DEPRECATED_OBJC_IMPLEMENTATIONS = YES;
				CLANG_WARN_DIRECT_OBJC_ISA_USAGE = YES_ERROR;
				CLANG_WARN_DOCUMENTATION_COMMENTS = YES;
				CLANG_WARN_EMPTY_BODY = YES;
				CLANG_WARN_ENUM_CONVERSION = YES;
				CLANG_WARN_INFINITE_RECURSION = YES;
				CLANG_WARN_INT_CONVERSION = YES;
				CLANG_WARN_NON_LITERAL_NULL_CONVERSION = YES;
				CLANG_WARN_OBJC_IMPLICIT_RETAIN_SELF = YES;
				CLANG_WARN_OBJC_LITERAL_CONVERSION = YES;
				CLANG_WARN_OBJC_ROOT_CLASS = YES_ERROR;
				CLANG_WARN_QUOTED_INCLUDE_IN_FRAMEWORK_HEADER = YES;
				CLANG_WARN_RANGE_LOOP_ANALYSIS = YES;
				CLANG_WARN_STRICT_PROTOTYPES = YES;
				CLANG_WARN_SUSPICIOUS_MOVE = YES;
				CLANG_WARN_UNGUARDED_AVAILABILITY = YES_AGGRESSIVE;
				CLANG_WARN_UNREACHABLE_CODE = YES;
				CLANG_WARN__DUPLICATE_METHOD_MATCH = YES;
				COPY_PHASE_STRIP = NO;
				DEBUG_INFORMATION_FORMAT = dwarf;
				ENABLE_STRICT_OBJC_MSGSEND = YES;
				ENABLE_TESTABILITY = YES;
				GCC_C_LANGUAGE_STANDARD = gnu11;
				GCC_DYNAMIC_NO_PIC = NO;
				GCC_NO_COMMON_BLOCKS = YES;
				GCC_OPTIMIZATION_LEVEL = 0;
				GCC_PREPROCESSOR_DEFINITIONS = (
					"DEBUG=1",
					"$(inherited)",
				);
				GCC_WARN_64_TO_32_BIT_CONVERSION = YES;
				GCC_WARN_ABOUT_RETURN_TYPE = YES_ERROR;
				GCC_WARN_UNDECLARED_SELECTOR = YES;
				GCC_WARN_UNINITIALIZED_AUTOS = YES_AGGRESSIVE;
				GCC_WARN_UNUSED_FUNCTION = YES;
				GCC_WARN_UNUSED_VARIABLE = YES;
				IPHONEOS_DEPLOYMENT_TARGET = 15.0;
				MTL_ENABLE_DEBUG_INFO = INCLUDE_SOURCE;
				MTL_FAST_MATH = YES;
				ONLY_ACTIVE_ARCH = YES;
				SDKROOT = iphoneos;
				SWIFT_ACTIVE_COMPILATION_CONDITIONS = DEBUG;
				SWIFT_OPTIMIZATION_LEVEL = "-Onone";
			};
			name = Debug;
		};
		55010AC427518DEE0049E9AE /* Release */ = {
			isa = XCBuildConfiguration;
			buildSettings = {
				ALWAYS_SEARCH_USER_PATHS = NO;
				CLANG_ANALYZER_NONNULL = YES;
				CLANG_ANALYZER_NUMBER_OBJECT_CONVERSION = YES_AGGRESSIVE;
				CLANG_CXX_LANGUAGE_STANDARD = "gnu++17";
				CLANG_CXX_LIBRARY = "libc++";
				CLANG_ENABLE_MODULES = YES;
				CLANG_ENABLE_OBJC_ARC = YES;
				CLANG_ENABLE_OBJC_WEAK = YES;
				CLANG_WARN_BLOCK_CAPTURE_AUTORELEASING = YES;
				CLANG_WARN_BOOL_CONVERSION = YES;
				CLANG_WARN_COMMA = YES;
				CLANG_WARN_CONSTANT_CONVERSION = YES;
				CLANG_WARN_DEPRECATED_OBJC_IMPLEMENTATIONS = YES;
				CLANG_WARN_DIRECT_OBJC_ISA_USAGE = YES_ERROR;
				CLANG_WARN_DOCUMENTATION_COMMENTS = YES;
				CLANG_WARN_EMPTY_BODY = YES;
				CLANG_WARN_ENUM_CONVERSION = YES;
				CLANG_WARN_INFINITE_RECURSION = YES;
				CLANG_WARN_INT_CONVERSION = YES;
				CLANG_WARN_NON_LITERAL_NULL_CONVERSION = YES;
				CLANG_WARN_OBJC_IMPLICIT_RETAIN_SELF = YES;
				CLANG_WARN_OBJC_LITERAL_CONVERSION = YES;
				CLANG_WARN_OBJC_ROOT_CLASS = YES_ERROR;
				CLANG_WARN_QUOTED_INCLUDE_IN_FRAMEWORK_HEADER = YES;
				CLANG_WARN_RANGE_LOOP_ANALYSIS = YES;
				CLANG_WARN_STRICT_PROTOTYPES = YES;
				CLANG_WARN_SUSPICIOUS_MOVE = YES;
				CLANG_WARN_UNGUARDED_AVAILABILITY = YES_AGGRESSIVE;
				CLANG_WARN_UNREACHABLE_CODE = YES;
				CLANG_WARN__DUPLICATE_METHOD_MATCH = YES;
				COPY_PHASE_STRIP = NO;
				DEBUG_INFORMATION_FORMAT = "dwarf-with-dsym";
				ENABLE_NS_ASSERTIONS = NO;
				ENABLE_STRICT_OBJC_MSGSEND = YES;
				GCC_C_LANGUAGE_STANDARD = gnu11;
				GCC_NO_COMMON_BLOCKS = YES;
				GCC_WARN_64_TO_32_BIT_CONVERSION = YES;
				GCC_WARN_ABOUT_RETURN_TYPE = YES_ERROR;
				GCC_WARN_UNDECLARED_SELECTOR = YES;
				GCC_WARN_UNINITIALIZED_AUTOS = YES_AGGRESSIVE;
				GCC_WARN_UNUSED_FUNCTION = YES;
				GCC_WARN_UNUSED_VARIABLE = YES;
				IPHONEOS_DEPLOYMENT_TARGET = 15.0;
				MTL_ENABLE_DEBUG_INFO = NO;
				MTL_FAST_MATH = YES;
				SDKROOT = iphoneos;
				SWIFT_COMPILATION_MODE = wholemodule;
				SWIFT_OPTIMIZATION_LEVEL = "-O";
				VALIDATE_PRODUCT = YES;
			};
			name = Release;
		};
		55010AC627518DEE0049E9AE /* Debug */ = {
			isa = XCBuildConfiguration;
			buildSettings = {
				ASSETCATALOG_COMPILER_APPICON_NAME = AppIcon;
				ASSETCATALOG_COMPILER_GLOBAL_ACCENT_COLOR_NAME = AccentColor;
				CODE_SIGN_STYLE = Automatic;
				CURRENT_PROJECT_VERSION = 1;
				GENERATE_INFOPLIST_FILE = YES;
				INFOPLIST_FILE = Smike/Info.plist;
				INFOPLIST_KEY_UIApplicationSupportsIndirectInputEvents = YES;
				INFOPLIST_KEY_UILaunchStoryboardName = LaunchScreen;
				INFOPLIST_KEY_UIMainStoryboardFile = Main;
				INFOPLIST_KEY_UIStatusBarHidden = YES;
				INFOPLIST_KEY_UISupportedInterfaceOrientations_iPad = "UIInterfaceOrientationPortrait UIInterfaceOrientationPortraitUpsideDown UIInterfaceOrientationLandscapeLeft UIInterfaceOrientationLandscapeRight";
				INFOPLIST_KEY_UISupportedInterfaceOrientations_iPhone = "UIInterfaceOrientationPortrait UIInterfaceOrientationLandscapeLeft UIInterfaceOrientationLandscapeRight";
				LD_RUNPATH_SEARCH_PATHS = (
					"$(inherited)",
					"@executable_path/Frameworks",
				);
				MARKETING_VERSION = 1.0;
				PRODUCT_BUNDLE_IDENTIFIER = com.simchi.Smike;
				PRODUCT_NAME = "$(TARGET_NAME)";
				SWIFT_EMIT_LOC_STRINGS = YES;
				SWIFT_VERSION = 5.0;
				TARGETED_DEVICE_FAMILY = "1,2";
			};
			name = Debug;
		};
		55010AC727518DEE0049E9AE /* Release */ = {
			isa = XCBuildConfiguration;
			buildSettings = {
				ASSETCATALOG_COMPILER_APPICON_NAME = AppIcon;
				ASSETCATALOG_COMPILER_GLOBAL_ACCENT_COLOR_NAME = AccentColor;
				CODE_SIGN_STYLE = Automatic;
				CURRENT_PROJECT_VERSION = 1;
				GENERATE_INFOPLIST_FILE = YES;
				INFOPLIST_FILE = Smike/Info.plist;
				INFOPLIST_KEY_UIApplicationSupportsIndirectInputEvents = YES;
				INFOPLIST_KEY_UILaunchStoryboardName = LaunchScreen;
				INFOPLIST_KEY_UIMainStoryboardFile = Main;
				INFOPLIST_KEY_UIStatusBarHidden = YES;
				INFOPLIST_KEY_UISupportedInterfaceOrientations_iPad = "UIInterfaceOrientationPortrait UIInterfaceOrientationPortraitUpsideDown UIInterfaceOrientationLandscapeLeft UIInterfaceOrientationLandscapeRight";
				INFOPLIST_KEY_UISupportedInterfaceOrientations_iPhone = "UIInterfaceOrientationPortrait UIInterfaceOrientationLandscapeLeft UIInterfaceOrientationLandscapeRight";
				LD_RUNPATH_SEARCH_PATHS = (
					"$(inherited)",
					"@executable_path/Frameworks",
				);
				MARKETING_VERSION = 1.0;
				PRODUCT_BUNDLE_IDENTIFIER = com.simchi.Smike;
				PRODUCT_NAME = "$(TARGET_NAME)";
				SWIFT_EMIT_LOC_STRINGS = YES;
				SWIFT_VERSION = 5.0;
				TARGETED_DEVICE_FAMILY = "1,2";
			};
			name = Release;
		};
		55010AC927518DEE0049E9AE /* Debug */ = {
			isa = XCBuildConfiguration;
			buildSettings = {
				ALWAYS_EMBED_SWIFT_STANDARD_LIBRARIES = YES;
				BUNDLE_LOADER = "$(TEST_HOST)";
				CODE_SIGN_STYLE = Automatic;
				CURRENT_PROJECT_VERSION = 1;
				GENERATE_INFOPLIST_FILE = YES;
				IPHONEOS_DEPLOYMENT_TARGET = 15.0;
				LD_RUNPATH_SEARCH_PATHS = (
					"$(inherited)",
					"@executable_path/Frameworks",
					"@loader_path/Frameworks",
				);
				MARKETING_VERSION = 1.0;
				PRODUCT_BUNDLE_IDENTIFIER = com.simchi.SmikeTests;
				PRODUCT_NAME = "$(TARGET_NAME)";
				SWIFT_EMIT_LOC_STRINGS = NO;
				SWIFT_VERSION = 5.0;
				TARGETED_DEVICE_FAMILY = "1,2";
				TEST_HOST = "$(BUILT_PRODUCTS_DIR)/Smike.app/Smike";
			};
			name = Debug;
		};
		55010ACA27518DEE0049E9AE /* Release */ = {
			isa = XCBuildConfiguration;
			buildSettings = {
				ALWAYS_EMBED_SWIFT_STANDARD_LIBRARIES = YES;
				BUNDLE_LOADER = "$(TEST_HOST)";
				CODE_SIGN_STYLE = Automatic;
				CURRENT_PROJECT_VERSION = 1;
				GENERATE_INFOPLIST_FILE = YES;
				IPHONEOS_DEPLOYMENT_TARGET = 15.0;
				LD_RUNPATH_SEARCH_PATHS = (
					"$(inherited)",
					"@executable_path/Frameworks",
					"@loader_path/Frameworks",
				);
				MARKETING_VERSION = 1.0;
				PRODUCT_BUNDLE_IDENTIFIER = com.simchi.SmikeTests;
				PRODUCT_NAME = "$(TARGET_NAME)";
				SWIFT_EMIT_LOC_STRINGS = NO;
				SWIFT_VERSION = 5.0;
				TARGETED_DEVICE_FAMILY = "1,2";
				TEST_HOST = "$(BUILT_PRODUCTS_DIR)/Smike.app/Smike";
			};
			name = Release;
		};
		55010ACC27518DEE0049E9AE /* Debug */ = {
			isa = XCBuildConfiguration;
			buildSettings = {
				ALWAYS_EMBED_SWIFT_STANDARD_LIBRARIES = YES;
				CODE_SIGN_STYLE = Automatic;
				CURRENT_PROJECT_VERSION = 1;
				GENERATE_INFOPLIST_FILE = YES;
				LD_RUNPATH_SEARCH_PATHS = (
					"$(inherited)",
					"@executable_path/Frameworks",
					"@loader_path/Frameworks",
				);
				MARKETING_VERSION = 1.0;
				PRODUCT_BUNDLE_IDENTIFIER = com.simchi.SmikeUITests;
				PRODUCT_NAME = "$(TARGET_NAME)";
				SWIFT_EMIT_LOC_STRINGS = NO;
				SWIFT_VERSION = 5.0;
				TARGETED_DEVICE_FAMILY = "1,2";
				TEST_TARGET_NAME = Smike;
			};
			name = Debug;
		};
		55010ACD27518DEE0049E9AE /* Release */ = {
			isa = XCBuildConfiguration;
			buildSettings = {
				ALWAYS_EMBED_SWIFT_STANDARD_LIBRARIES = YES;
				CODE_SIGN_STYLE = Automatic;
				CURRENT_PROJECT_VERSION = 1;
				GENERATE_INFOPLIST_FILE = YES;
				LD_RUNPATH_SEARCH_PATHS = (
					"$(inherited)",
					"@executable_path/Frameworks",
					"@loader_path/Frameworks",
				);
				MARKETING_VERSION = 1.0;
				PRODUCT_BUNDLE_IDENTIFIER = com.simchi.SmikeUITests;
				PRODUCT_NAME = "$(TARGET_NAME)";
				SWIFT_EMIT_LOC_STRINGS = NO;
				SWIFT_VERSION = 5.0;
				TARGETED_DEVICE_FAMILY = "1,2";
				TEST_TARGET_NAME = Smike;
			};
			name = Release;
		};
/* End XCBuildConfiguration section */

/* Begin XCConfigurationList section */
		55010A9327518DEC0049E9AE /* Build configuration list for PBXProject "Smike" */ = {
			isa = XCConfigurationList;
			buildConfigurations = (
				55010AC327518DEE0049E9AE /* Debug */,
				55010AC427518DEE0049E9AE /* Release */,
			);
			defaultConfigurationIsVisible = 0;
			defaultConfigurationName = Release;
		};
		55010AC527518DEE0049E9AE /* Build configuration list for PBXNativeTarget "Smike" */ = {
			isa = XCConfigurationList;
			buildConfigurations = (
				55010AC627518DEE0049E9AE /* Debug */,
				55010AC727518DEE0049E9AE /* Release */,
			);
			defaultConfigurationIsVisible = 0;
			defaultConfigurationName = Release;
		};
		55010AC827518DEE0049E9AE /* Build configuration list for PBXNativeTarget "SmikeTests" */ = {
			isa = XCConfigurationList;
			buildConfigurations = (
				55010AC927518DEE0049E9AE /* Debug */,
				55010ACA27518DEE0049E9AE /* Release */,
			);
			defaultConfigurationIsVisible = 0;
			defaultConfigurationName = Release;
		};
		55010ACB27518DEE0049E9AE /* Build configuration list for PBXNativeTarget "SmikeUITests" */ = {
			isa = XCConfigurationList;
			buildConfigurations = (
				55010ACC27518DEE0049E9AE /* Debug */,
				55010ACD27518DEE0049E9AE /* Release */,
			);
			defaultConfigurationIsVisible = 0;
			defaultConfigurationName = Release;
		};
/* End XCConfigurationList section */

/* Begin XCRemoteSwiftPackageReference section */
		55AB01DC2762864C002FCC4A /* XCRemoteSwiftPackageReference "swift-algorithms" */ = {
			isa = XCRemoteSwiftPackageReference;
			repositoryURL = "https://github.com/apple/swift-algorithms.git";
			requirement = {
				kind = upToNextMajorVersion;
				minimumVersion = 1.0.0;
			};
		};
/* End XCRemoteSwiftPackageReference section */

/* Begin XCSwiftPackageProductDependency section */
		55AB01DD2762864C002FCC4A /* Algorithms */ = {
			isa = XCSwiftPackageProductDependency;
			package = 55AB01DC2762864C002FCC4A /* XCRemoteSwiftPackageReference "swift-algorithms" */;
			productName = Algorithms;
		};
/* End XCSwiftPackageProductDependency section */
	};
	rootObject = 55010A9027518DEC0049E9AE /* Project object */;
}
